
Microsoft Visual Studio Solution File, Format Version 12.00
# Visual Studio Version 16
VisualStudioVersion = 16.0.32510.428
MinimumVisualStudioVersion = 10.0.40219.1
Project("{8BC9CEB8-8B4A-11D0-8D11-00A0C91BC942}") = "TErmp", "TErmp.vcxproj", "{EC49B545-33D3-4D50-BA8C-B1625C8A204A}"
EndProject
Global
	GlobalSection(SolutionConfigurationPlatforms) = preSolution
		Debug|x64 = Debug|x64
		Debug|x86 = Debug|x86
		Release|x64 = Release|x64
		Release|x86 = Release|x86
	EndGlobalSection
	GlobalSection(ProjectConfigurationPlatforms) = postSolution
		{EC49B545-33D3-4D50-BA8C-B1625C8A204A}.Debug|x64.ActiveCfg = Debug|x64
		{EC49B545-33D3-4D50-BA8C-B1625C8A204A}.Debug|x64.Build.0 = Debug|x64
		{EC49B545-33D3-4D50-BA8C-B1625C8A204A}.Debug|x86.ActiveCfg = Debug|Win32
		{EC49B545-33D3-4D50-BA8C-B1625C8A204A}.Debug|x86.Build.0 = Debug|Win32
		{EC49B545-33D3-4D50-BA8C-B1625C8A204A}.Release|x64.ActiveCfg = Release|x64
		{EC49B545-33D3-4D50-BA8C-B1625C8A204A}.Release|x64.Build.0 = Release|x64
		{EC49B545-33D3-4D50-BA8C-B1625C8A204A}.Release|x86.ActiveCfg = Release|Win32
		{EC49B545-33D3-4D50-BA8C-B1625C8A204A}.Release|x86.Build.0 = Release|Win32
	EndGlobalSection
	GlobalSection(SolutionProperties) = preSolution
		HideSolutionNode = FALSE
	EndGlobalSection
	GlobalSection(ExtensibilityGlobals) = postSolution
		SolutionGuid = {DCD5F343-B432-4A44-B1BC-CC9D7875811B}
	EndGlobalSection
EndGlobal
